
Microsoft Visual Studio Solution File, Format Version 12.00
# Visual Studio Version 17
VisualStudioVersion = 17.9.34622.214
MinimumVisualStudioVersion = 10.0.40219.1
Project("{FAE04EC0-301F-11D3-BF4B-00C04F79EFBC}") = "Kel4_PBO", "Kel4_PBO\Kel4_PBO.csproj", "{5CF7D297-612E-476A-B2F4-AABE640E0B39}"
EndProject
Global
	GlobalSection(SolutionConfigurationPlatforms) = preSolution
		Debug|Any CPU = Debug|Any CPU
		Release|Any CPU = Release|Any CPU
	EndGlobalSection
	GlobalSection(ProjectConfigurationPlatforms) = postSolution
		{5CF7D297-612E-476A-B2F4-AABE640E0B39}.Debug|Any CPU.ActiveCfg = Debug|Any CPU
		{5CF7D297-612E-476A-B2F4-AABE640E0B39}.Debug|Any CPU.Build.0 = Debug|Any CPU
		{5CF7D297-612E-476A-B2F4-AABE640E0B39}.Release|Any CPU.ActiveCfg = Release|Any CPU
		{5CF7D297-612E-476A-B2F4-AABE640E0B39}.Release|Any CPU.Build.0 = Release|Any CPU
	EndGlobalSection
	GlobalSection(SolutionProperties) = preSolution
		HideSolutionNode = FALSE
	EndGlobalSection
	GlobalSection(ExtensibilityGlobals) = postSolution
		SolutionGuid = {C4E56A73-5104-4DE5-AFD4-57F35F2EAAF4}
	EndGlobalSection
EndGlobal
